// !$*UTF8*$!
{
	archiveVersion = 1;
	classes = {
	};
	objectVersion = 56;
	objects = {

/* Begin PBXBuildFile section */
		A10001000000000000000001 /* StoneBCApp.swift in Sources */ = {isa = PBXBuildFile; fileRef = A20001000000000000000001 /* StoneBCApp.swift */; };
		A10002000000000000000002 /* ContentView.swift in Sources */ = {isa = PBXBuildFile; fileRef = A20002000000000000000002 /* ContentView.swift */; };
		A10003000000000000000003 /* HomeView.swift in Sources */ = {isa = PBXBuildFile; fileRef = A20003000000000000000003 /* HomeView.swift */; };
		A10004000000000000000004 /* RoutesView.swift in Sources */ = {isa = PBXBuildFile; fileRef = A20004000000000000000004 /* RoutesView.swift */; };
		A10005000000000000000005 /* RouteDetailView.swift in Sources */ = {isa = PBXBuildFile; fileRef = A20005000000000000000005 /* RouteDetailView.swift */; };
		A10006000000000000000006 /* RouteMapView.swift in Sources */ = {isa = PBXBuildFile; fileRef = A20006000000000000000006 /* RouteMapView.swift */; };
		A10007000000000000000007 /* CommunityView.swift in Sources */ = {isa = PBXBuildFile; fileRef = A20007000000000000000007 /* CommunityView.swift */; };
		A10008000000000000000008 /* GalleryView.swift in Sources */ = {isa = PBXBuildFile; fileRef = A20008000000000000000008 /* GalleryView.swift */; };
		A10009000000000000000009 /* ContactView.swift in Sources */ = {isa = PBXBuildFile; fileRef = A20009000000000000000009 /* ContactView.swift */; };
		A1000A00000000000000000A /* Route.swift in Sources */ = {isa = PBXBuildFile; fileRef = A2000A00000000000000000A /* Route.swift */; };
		A1000B00000000000000000B /* Event.swift in Sources */ = {isa = PBXBuildFile; fileRef = A2000B00000000000000000B /* Event.swift */; };
		A1000C00000000000000000C /* Program.swift in Sources */ = {isa = PBXBuildFile; fileRef = A2000C00000000000000000C /* Program.swift */; };
		A1000D00000000000000000D /* ToolkitArticle.swift in Sources */ = {isa = PBXBuildFile; fileRef = A2000D00000000000000000D /* ToolkitArticle.swift */; };
		A1000E00000000000000000E /* BCPhoto.swift in Sources */ = {isa = PBXBuildFile; fileRef = A2000E00000000000000000E /* BCPhoto.swift */; };
		A1000F00000000000000000F /* BCDesignSystem.swift in Sources */ = {isa = PBXBuildFile; fileRef = A2000F00000000000000000F /* BCDesignSystem.swift */; };
		A10010000000000000000010 /* routes.json in Resources */ = {isa = PBXBuildFile; fileRef = A20010000000000000000010 /* routes.json */; };
		A10011000000000000000011 /* events.json in Resources */ = {isa = PBXBuildFile; fileRef = A20011000000000000000011 /* events.json */; };
		A10012000000000000000012 /* programs.json in Resources */ = {isa = PBXBuildFile; fileRef = A20012000000000000000012 /* programs.json */; };
		A10013000000000000000013 /* toolkit.json in Resources */ = {isa = PBXBuildFile; fileRef = A20013000000000000000013 /* toolkit.json */; };
		A10014000000000000000014 /* photos.json in Resources */ = {isa = PBXBuildFile; fileRef = A20014000000000000000014 /* photos.json */; };
		A10015000000000000000015 /* Thumbnails in Resources */ = {isa = PBXBuildFile; fileRef = A20015000000000000000015 /* Thumbnails */; };
		A10016000000000000000016 /* Toolkit in Resources */ = {isa = PBXBuildFile; fileRef = A20016000000000000000016 /* Toolkit */; };
		C10001000000000000000001 /* Bike.swift in Sources */ = {isa = PBXBuildFile; fileRef = C20001000000000000000001 /* Bike.swift */; };
		C10002000000000000000002 /* Post.swift in Sources */ = {isa = PBXBuildFile; fileRef = C20002000000000000000002 /* Post.swift */; };
		C10003000000000000000003 /* AppConfig.swift in Sources */ = {isa = PBXBuildFile; fileRef = C20003000000000000000003 /* AppConfig.swift */; };
		C10004000000000000000004 /* AppState.swift in Sources */ = {isa = PBXBuildFile; fileRef = C20004000000000000000004 /* AppState.swift */; };
		C10005000000000000000005 /* TabContainerView.swift in Sources */ = {isa = PBXBuildFile; fileRef = C20005000000000000000005 /* TabContainerView.swift */; };
		C10006000000000000000006 /* MarketplaceView.swift in Sources */ = {isa = PBXBuildFile; fileRef = C20006000000000000000006 /* MarketplaceView.swift */; };
		C10007000000000000000007 /* BikeDetailView.swift in Sources */ = {isa = PBXBuildFile; fileRef = C20007000000000000000007 /* BikeDetailView.swift */; };
		C10008000000000000000008 /* BikeCardRow.swift in Sources */ = {isa = PBXBuildFile; fileRef = C20008000000000000000008 /* BikeCardRow.swift */; };
		C10009000000000000000009 /* BikeFilterBar.swift in Sources */ = {isa = PBXBuildFile; fileRef = C20009000000000000000009 /* BikeFilterBar.swift */; };
		C1000A00000000000000000A /* CommunityFeedView.swift in Sources */ = {isa = PBXBuildFile; fileRef = C2000A00000000000000000A /* CommunityFeedView.swift */; };
		C1000B00000000000000000B /* PostDetailView.swift in Sources */ = {isa = PBXBuildFile; fileRef = C2000B00000000000000000B /* PostDetailView.swift */; };
		C1000C00000000000000000C /* PostCardRow.swift in Sources */ = {isa = PBXBuildFile; fileRef = C2000C00000000000000000C /* PostCardRow.swift */; };
		C1000D00000000000000000D /* MoreView.swift in Sources */ = {isa = PBXBuildFile; fileRef = C2000D00000000000000000D /* MoreView.swift */; };
		C1000E00000000000000000E /* WordPressService.swift in Sources */ = {isa = PBXBuildFile; fileRef = C2000E00000000000000000E /* WordPressService.swift */; };
		C10010000000000000000010 /* bikes.json in Resources */ = {isa = PBXBuildFile; fileRef = C20010000000000000000010 /* bikes.json */; };
		C10011000000000000000011 /* posts.json in Resources */ = {isa = PBXBuildFile; fileRef = C20011000000000000000011 /* posts.json */; };
		C10012000000000000000012 /* config.json in Resources */ = {isa = PBXBuildFile; fileRef = C20012000000000000000012 /* config.json */; };
		D10001000000000000000001 /* RadioConfig.swift in Sources */ = {isa = PBXBuildFile; fileRef = D20001000000000000000001 /* RadioConfig.swift */; };
		D10002000000000000000002 /* RadioPeer.swift in Sources */ = {isa = PBXBuildFile; fileRef = D20002000000000000000002 /* RadioPeer.swift */; };
		D10003000000000000000003 /* RadioChannel.swift in Sources */ = {isa = PBXBuildFile; fileRef = D20003000000000000000003 /* RadioChannel.swift */; };
		D10004000000000000000004 /* RadioState.swift in Sources */ = {isa = PBXBuildFile; fileRef = D20004000000000000000004 /* RadioState.swift */; };
		D10005000000000000000005 /* RadioService.swift in Sources */ = {isa = PBXBuildFile; fileRef = D20005000000000000000005 /* RadioService.swift */; };
		D10006000000000000000006 /* AudioStreamService.swift in Sources */ = {isa = PBXBuildFile; fileRef = D20006000000000000000006 /* AudioStreamService.swift */; };
		D10007000000000000000007 /* RadioViewModel.swift in Sources */ = {isa = PBXBuildFile; fileRef = D20007000000000000000007 /* RadioViewModel.swift */; };
		D10008000000000000000008 /* RadioView.swift in Sources */ = {isa = PBXBuildFile; fileRef = D20008000000000000000008 /* RadioView.swift */; };
		D10009000000000000000009 /* PTTButton.swift in Sources */ = {isa = PBXBuildFile; fileRef = D20009000000000000000009 /* PTTButton.swift */; };
		D1000A00000000000000000A /* RadioOverlayView.swift in Sources */ = {isa = PBXBuildFile; fileRef = D2000A00000000000000000A /* RadioOverlayView.swift */; };
		D1000B00000000000000000B /* AppState+Radio.swift in Sources */ = {isa = PBXBuildFile; fileRef = D2000B00000000000000000B /* AppState+Radio.swift */; };
		E10001000000000000000001 /* Assets.xcassets in Resources */ = {isa = PBXBuildFile; fileRef = E20001000000000000000001 /* Assets.xcassets */; };
		F00001000000000000000001 /* GPXService.swift in Sources */ = {isa = PBXBuildFile; fileRef = F10001000000000000000001 /* GPXService.swift */; };
		F00002000000000000000002 /* GPXImportView.swift in Sources */ = {isa = PBXBuildFile; fileRef = F10002000000000000000002 /* GPXImportView.swift */; };
		F00003000000000000000003 /* LocationService.swift in Sources */ = {isa = PBXBuildFile; fileRef = F10003000000000000000003 /* LocationService.swift */; };
		F00004000000000000000004 /* RouteNavigationView.swift in Sources */ = {isa = PBXBuildFile; fileRef = F10004000000000000000004 /* RouteNavigationView.swift */; };
		F00005000000000000000005 /* RouteShareCardView.swift in Sources */ = {isa = PBXBuildFile; fileRef = F10005000000000000000005 /* RouteShareCardView.swift */; };
		F00006000000000000000006 /* RouteExplorerView.swift in Sources */ = {isa = PBXBuildFile; fileRef = F10006000000000000000006 /* RouteExplorerView.swift */; };
		G00001000000000000000001 /* AltimeterService.swift in Sources */ = {isa = PBXBuildFile; fileRef = G10001000000000000000001 /* AltimeterService.swift */; };
		G00002000000000000000002 /* RideSession.swift in Sources */ = {isa = PBXBuildFile; fileRef = G10002000000000000000002 /* RideSession.swift */; };
		G00003000000000000000003 /* RideDashboardView.swift in Sources */ = {isa = PBXBuildFile; fileRef = G10003000000000000000003 /* RideDashboardView.swift */; };
		G00004000000000000000004 /* ConnectivityService.swift in Sources */ = {isa = PBXBuildFile; fileRef = G10004000000000000000004 /* ConnectivityService.swift */; };
		G00005000000000000000005 /* OfflineMapService.swift in Sources */ = {isa = PBXBuildFile; fileRef = G10005000000000000000005 /* OfflineMapService.swift */; };
		G00006000000000000000006 /* CellCoverageView.swift in Sources */ = {isa = PBXBuildFile; fileRef = G10006000000000000000006 /* CellCoverageView.swift */; };
		G00007000000000000000007 /* OfflineBannerView.swift in Sources */ = {isa = PBXBuildFile; fileRef = G10007000000000000000007 /* OfflineBannerView.swift */; };
		G00008000000000000000008 /* cell_towers.json in Resources */ = {isa = PBXBuildFile; fileRef = G10008000000000000000008 /* cell_towers.json */; };
		H00001000000000000000001 /* WeatherService.swift in Sources */ = {isa = PBXBuildFile; fileRef = H10001000000000000000001 /* WeatherService.swift */; };
		H00002000000000000000002 /* RouteWeatherView.swift in Sources */ = {isa = PBXBuildFile; fileRef = H10002000000000000000002 /* RouteWeatherView.swift */; };
		H00003000000000000000003 /* NavigationAudioService.swift in Sources */ = {isa = PBXBuildFile; fileRef = H10003000000000000000003 /* NavigationAudioService.swift */; };
		H00004000000000000000004 /* WorkoutService.swift in Sources */ = {isa = PBXBuildFile; fileRef = H10004000000000000000004 /* WorkoutService.swift */; };
		H00005000000000000000005 /* RideActivityAttributes.swift in Sources */ = {isa = PBXBuildFile; fileRef = H10005000000000000000005 /* RideActivityAttributes.swift */; };
		H00006000000000000000006 /* RideActivityManager.swift in Sources */ = {isa = PBXBuildFile; fileRef = H10006000000000000000006 /* RideActivityManager.swift */; };
		J00001000000000000000001 /* OnboardingView.swift in Sources */ = {isa = PBXBuildFile; fileRef = J10001000000000000000001 /* OnboardingView.swift */; };
		J00002000000000000000002 /* PermissionService.swift in Sources */ = {isa = PBXBuildFile; fileRef = J10002000000000000000002 /* PermissionService.swift */; };
/* End PBXBuildFile section */

/* Begin PBXFileReference section */
		A20001000000000000000001 /* StoneBCApp.swift */ = {isa = PBXFileReference; lastKnownFileType = sourcecode.swift; path = StoneBCApp.swift; sourceTree = "<group>"; };
		A20002000000000000000002 /* ContentView.swift */ = {isa = PBXFileReference; lastKnownFileType = sourcecode.swift; path = ContentView.swift; sourceTree = "<group>"; };
		A20003000000000000000003 /* HomeView.swift */ = {isa = PBXFileReference; lastKnownFileType = sourcecode.swift; path = HomeView.swift; sourceTree = "<group>"; };
		A20004000000000000000004 /* RoutesView.swift */ = {isa = PBXFileReference; lastKnownFileType = sourcecode.swift; path = RoutesView.swift; sourceTree = "<group>"; };
		A20005000000000000000005 /* RouteDetailView.swift */ = {isa = PBXFileReference; lastKnownFileType = sourcecode.swift; path = RouteDetailView.swift; sourceTree = "<group>"; };
		A20006000000000000000006 /* RouteMapView.swift */ = {isa = PBXFileReference; lastKnownFileType = sourcecode.swift; path = RouteMapView.swift; sourceTree = "<group>"; };
		A20007000000000000000007 /* CommunityView.swift */ = {isa = PBXFileReference; lastKnownFileType = sourcecode.swift; path = CommunityView.swift; sourceTree = "<group>"; };
		A20008000000000000000008 /* GalleryView.swift */ = {isa = PBXFileReference; lastKnownFileType = sourcecode.swift; path = GalleryView.swift; sourceTree = "<group>"; };
		A20009000000000000000009 /* ContactView.swift */ = {isa = PBXFileReference; lastKnownFileType = sourcecode.swift; path = ContactView.swift; sourceTree = "<group>"; };
		A2000A00000000000000000A /* Route.swift */ = {isa = PBXFileReference; lastKnownFileType = sourcecode.swift; path = Route.swift; sourceTree = "<group>"; };
		A2000B00000000000000000B /* Event.swift */ = {isa = PBXFileReference; lastKnownFileType = sourcecode.swift; path = Event.swift; sourceTree = "<group>"; };
		A2000C00000000000000000C /* Program.swift */ = {isa = PBXFileReference; lastKnownFileType = sourcecode.swift; path = Program.swift; sourceTree = "<group>"; };
		A2000D00000000000000000D /* ToolkitArticle.swift */ = {isa = PBXFileReference; lastKnownFileType = sourcecode.swift; path = ToolkitArticle.swift; sourceTree = "<group>"; };
		A2000E00000000000000000E /* BCPhoto.swift */ = {isa = PBXFileReference; lastKnownFileType = sourcecode.swift; path = BCPhoto.swift; sourceTree = "<group>"; };
		A2000F00000000000000000F /* BCDesignSystem.swift */ = {isa = PBXFileReference; lastKnownFileType = sourcecode.swift; path = BCDesignSystem.swift; sourceTree = "<group>"; };
		A20010000000000000000010 /* routes.json */ = {isa = PBXFileReference; lastKnownFileType = text.json; path = routes.json; sourceTree = "<group>"; };
		A20011000000000000000011 /* events.json */ = {isa = PBXFileReference; lastKnownFileType = text.json; path = events.json; sourceTree = "<group>"; };
		A20012000000000000000012 /* programs.json */ = {isa = PBXFileReference; lastKnownFileType = text.json; path = programs.json; sourceTree = "<group>"; };
		A20013000000000000000013 /* toolkit.json */ = {isa = PBXFileReference; lastKnownFileType = text.json; path = toolkit.json; sourceTree = "<group>"; };
		A20014000000000000000014 /* photos.json */ = {isa = PBXFileReference; lastKnownFileType = text.json; path = photos.json; sourceTree = "<group>"; };
		A20015000000000000000015 /* Thumbnails */ = {isa = PBXFileReference; lastKnownFileType = folder; path = Thumbnails; sourceTree = "<group>"; };
		A20016000000000000000016 /* Toolkit */ = {isa = PBXFileReference; lastKnownFileType = folder; path = Toolkit; sourceTree = "<group>"; };
		A30000000000000000000001 /* StoneBC.app */ = {isa = PBXFileReference; explicitFileType = wrapper.application; includeInIndex = 0; path = StoneBC.app; sourceTree = BUILT_PRODUCTS_DIR; };
		C20001000000000000000001 /* Bike.swift */ = {isa = PBXFileReference; lastKnownFileType = sourcecode.swift; path = Bike.swift; sourceTree = "<group>"; };
		C20002000000000000000002 /* Post.swift */ = {isa = PBXFileReference; lastKnownFileType = sourcecode.swift; path = Post.swift; sourceTree = "<group>"; };
		C20003000000000000000003 /* AppConfig.swift */ = {isa = PBXFileReference; lastKnownFileType = sourcecode.swift; path = AppConfig.swift; sourceTree = "<group>"; };
		C20004000000000000000004 /* AppState.swift */ = {isa = PBXFileReference; lastKnownFileType = sourcecode.swift; path = AppState.swift; sourceTree = "<group>"; };
		C20005000000000000000005 /* TabContainerView.swift */ = {isa = PBXFileReference; lastKnownFileType = sourcecode.swift; path = TabContainerView.swift; sourceTree = "<group>"; };
		C20006000000000000000006 /* MarketplaceView.swift */ = {isa = PBXFileReference; lastKnownFileType = sourcecode.swift; path = MarketplaceView.swift; sourceTree = "<group>"; };
		C20007000000000000000007 /* BikeDetailView.swift */ = {isa = PBXFileReference; lastKnownFileType = sourcecode.swift; path = BikeDetailView.swift; sourceTree = "<group>"; };
		C20008000000000000000008 /* BikeCardRow.swift */ = {isa = PBXFileReference; lastKnownFileType = sourcecode.swift; path = BikeCardRow.swift; sourceTree = "<group>"; };
		C20009000000000000000009 /* BikeFilterBar.swift */ = {isa = PBXFileReference; lastKnownFileType = sourcecode.swift; path = BikeFilterBar.swift; sourceTree = "<group>"; };
		C2000A00000000000000000A /* CommunityFeedView.swift */ = {isa = PBXFileReference; lastKnownFileType = sourcecode.swift; path = CommunityFeedView.swift; sourceTree = "<group>"; };
		C2000B00000000000000000B /* PostDetailView.swift */ = {isa = PBXFileReference; lastKnownFileType = sourcecode.swift; path = PostDetailView.swift; sourceTree = "<group>"; };
		C2000C00000000000000000C /* PostCardRow.swift */ = {isa = PBXFileReference; lastKnownFileType = sourcecode.swift; path = PostCardRow.swift; sourceTree = "<group>"; };
		C2000D00000000000000000D /* MoreView.swift */ = {isa = PBXFileReference; lastKnownFileType = sourcecode.swift; path = MoreView.swift; sourceTree = "<group>"; };
		C2000E00000000000000000E /* WordPressService.swift */ = {isa = PBXFileReference; lastKnownFileType = sourcecode.swift; path = WordPressService.swift; sourceTree = "<group>"; };
		C20010000000000000000010 /* bikes.json */ = {isa = PBXFileReference; lastKnownFileType = text.json; path = bikes.json; sourceTree = "<group>"; };
		C20011000000000000000011 /* posts.json */ = {isa = PBXFileReference; lastKnownFileType = text.json; path = posts.json; sourceTree = "<group>"; };
		C20012000000000000000012 /* config.json */ = {isa = PBXFileReference; lastKnownFileType = text.json; path = config.json; sourceTree = "<group>"; };
		D20001000000000000000001 /* RadioConfig.swift */ = {isa = PBXFileReference; lastKnownFileType = sourcecode.swift; path = RadioConfig.swift; sourceTree = "<group>"; };
		D20002000000000000000002 /* RadioPeer.swift */ = {isa = PBXFileReference; lastKnownFileType = sourcecode.swift; path = RadioPeer.swift; sourceTree = "<group>"; };
		D20003000000000000000003 /* RadioChannel.swift */ = {isa = PBXFileReference; lastKnownFileType = sourcecode.swift; path = RadioChannel.swift; sourceTree = "<group>"; };
		D20004000000000000000004 /* RadioState.swift */ = {isa = PBXFileReference; lastKnownFileType = sourcecode.swift; path = RadioState.swift; sourceTree = "<group>"; };
		D20005000000000000000005 /* RadioService.swift */ = {isa = PBXFileReference; lastKnownFileType = sourcecode.swift; path = RadioService.swift; sourceTree = "<group>"; };
		D20006000000000000000006 /* AudioStreamService.swift */ = {isa = PBXFileReference; lastKnownFileType = sourcecode.swift; path = AudioStreamService.swift; sourceTree = "<group>"; };
		D20007000000000000000007 /* RadioViewModel.swift */ = {isa = PBXFileReference; lastKnownFileType = sourcecode.swift; path = RadioViewModel.swift; sourceTree = "<group>"; };
		D20008000000000000000008 /* RadioView.swift */ = {isa = PBXFileReference; lastKnownFileType = sourcecode.swift; path = RadioView.swift; sourceTree = "<group>"; };
		D20009000000000000000009 /* PTTButton.swift */ = {isa = PBXFileReference; lastKnownFileType = sourcecode.swift; path = PTTButton.swift; sourceTree = "<group>"; };
		D2000A00000000000000000A /* RadioOverlayView.swift */ = {isa = PBXFileReference; lastKnownFileType = sourcecode.swift; path = RadioOverlayView.swift; sourceTree = "<group>"; };
		D2000B00000000000000000B /* AppState+Radio.swift */ = {isa = PBXFileReference; lastKnownFileType = sourcecode.swift; path = "AppState+Radio.swift"; sourceTree = "<group>"; };
		E20001000000000000000001 /* Assets.xcassets */ = {isa = PBXFileReference; lastKnownFileType = folder.assetcatalog; path = Assets.xcassets; sourceTree = "<group>"; };
		F10001000000000000000001 /* GPXService.swift */ = {isa = PBXFileReference; lastKnownFileType = sourcecode.swift; path = GPXService.swift; sourceTree = "<group>"; };
		F10002000000000000000002 /* GPXImportView.swift */ = {isa = PBXFileReference; lastKnownFileType = sourcecode.swift; path = GPXImportView.swift; sourceTree = "<group>"; };
		F10003000000000000000003 /* LocationService.swift */ = {isa = PBXFileReference; lastKnownFileType = sourcecode.swift; path = LocationService.swift; sourceTree = "<group>"; };
		F10004000000000000000004 /* RouteNavigationView.swift */ = {isa = PBXFileReference; lastKnownFileType = sourcecode.swift; path = RouteNavigationView.swift; sourceTree = "<group>"; };
		F10005000000000000000005 /* RouteShareCardView.swift */ = {isa = PBXFileReference; lastKnownFileType = sourcecode.swift; path = RouteShareCardView.swift; sourceTree = "<group>"; };
		F10006000000000000000006 /* RouteExplorerView.swift */ = {isa = PBXFileReference; lastKnownFileType = sourcecode.swift; path = RouteExplorerView.swift; sourceTree = "<group>"; };
		G10001000000000000000001 /* AltimeterService.swift */ = {isa = PBXFileReference; lastKnownFileType = sourcecode.swift; path = AltimeterService.swift; sourceTree = "<group>"; };
		G10002000000000000000002 /* RideSession.swift */ = {isa = PBXFileReference; lastKnownFileType = sourcecode.swift; path = RideSession.swift; sourceTree = "<group>"; };
		G10003000000000000000003 /* RideDashboardView.swift */ = {isa = PBXFileReference; lastKnownFileType = sourcecode.swift; path = RideDashboardView.swift; sourceTree = "<group>"; };
		G10004000000000000000004 /* ConnectivityService.swift */ = {isa = PBXFileReference; lastKnownFileType = sourcecode.swift; path = ConnectivityService.swift; sourceTree = "<group>"; };
		G10005000000000000000005 /* OfflineMapService.swift */ = {isa = PBXFileReference; lastKnownFileType = sourcecode.swift; path = OfflineMapService.swift; sourceTree = "<group>"; };
		G10006000000000000000006 /* CellCoverageView.swift */ = {isa = PBXFileReference; lastKnownFileType = sourcecode.swift; path = CellCoverageView.swift; sourceTree = "<group>"; };
		G10007000000000000000007 /* OfflineBannerView.swift */ = {isa = PBXFileReference; lastKnownFileType = sourcecode.swift; path = OfflineBannerView.swift; sourceTree = "<group>"; };
		G10008000000000000000008 /* cell_towers.json */ = {isa = PBXFileReference; lastKnownFileType = text.json; path = cell_towers.json; sourceTree = "<group>"; };
		H10001000000000000000001 /* WeatherService.swift */ = {isa = PBXFileReference; lastKnownFileType = sourcecode.swift; path = WeatherService.swift; sourceTree = "<group>"; };
		H10002000000000000000002 /* RouteWeatherView.swift */ = {isa = PBXFileReference; lastKnownFileType = sourcecode.swift; path = RouteWeatherView.swift; sourceTree = "<group>"; };
		H10003000000000000000003 /* NavigationAudioService.swift */ = {isa = PBXFileReference; lastKnownFileType = sourcecode.swift; path = NavigationAudioService.swift; sourceTree = "<group>"; };
		H10004000000000000000004 /* WorkoutService.swift */ = {isa = PBXFileReference; lastKnownFileType = sourcecode.swift; path = WorkoutService.swift; sourceTree = "<group>"; };
		H10005000000000000000005 /* RideActivityAttributes.swift */ = {isa = PBXFileReference; lastKnownFileType = sourcecode.swift; path = RideActivityAttributes.swift; sourceTree = "<group>"; };
		H10006000000000000000006 /* RideActivityManager.swift */ = {isa = PBXFileReference; lastKnownFileType = sourcecode.swift; path = RideActivityManager.swift; sourceTree = "<group>"; };
		J10001000000000000000001 /* OnboardingView.swift */ = {isa = PBXFileReference; lastKnownFileType = sourcecode.swift; path = OnboardingView.swift; sourceTree = "<group>"; };
		J10002000000000000000002 /* PermissionService.swift */ = {isa = PBXFileReference; lastKnownFileType = sourcecode.swift; path = PermissionService.swift; sourceTree = "<group>"; };
		J10003000000000000000003 /* StoneBC.entitlements */ = {isa = PBXFileReference; lastKnownFileType = text.plist.entitlements; path = StoneBC.entitlements; sourceTree = "<group>"; };
/* End PBXFileReference section */

/* Begin PBXFrameworksBuildPhase section */
		A40000000000000000000001 /* Frameworks */ = {
			isa = PBXFrameworksBuildPhase;
			buildActionMask = 2147483647;
			files = (
			);
			runOnlyForDeploymentPostprocessing = 0;
		};
/* End PBXFrameworksBuildPhase section */

/* Begin PBXGroup section */
		A50000000000000000000001 = {
			isa = PBXGroup;
			children = (
				A50002000000000000000002 /* StoneBC */,
				A50003000000000000000003 /* Products */,
			);
			sourceTree = "<group>";
		};
		A50002000000000000000002 /* StoneBC */ = {
			isa = PBXGroup;
			children = (
				A20001000000000000000001 /* StoneBCApp.swift */,
				A20002000000000000000002 /* ContentView.swift */,
				A20003000000000000000003 /* HomeView.swift */,
				A20004000000000000000004 /* RoutesView.swift */,
				A20005000000000000000005 /* RouteDetailView.swift */,
				A20006000000000000000006 /* RouteMapView.swift */,
				A20007000000000000000007 /* CommunityView.swift */,
				A20008000000000000000008 /* GalleryView.swift */,
				A20009000000000000000009 /* ContactView.swift */,
				A2000A00000000000000000A /* Route.swift */,
				A2000B00000000000000000B /* Event.swift */,
				A2000C00000000000000000C /* Program.swift */,
				A2000D00000000000000000D /* ToolkitArticle.swift */,
				A2000E00000000000000000E /* BCPhoto.swift */,
				A2000F00000000000000000F /* BCDesignSystem.swift */,
				A20010000000000000000010 /* routes.json */,
				A20011000000000000000011 /* events.json */,
				A20012000000000000000012 /* programs.json */,
				A20013000000000000000013 /* toolkit.json */,
				A20014000000000000000014 /* photos.json */,
				A20015000000000000000015 /* Thumbnails */,
				A20016000000000000000016 /* Toolkit */,
				C20001000000000000000001 /* Bike.swift */,
				C20002000000000000000002 /* Post.swift */,
				C20003000000000000000003 /* AppConfig.swift */,
				C20004000000000000000004 /* AppState.swift */,
				C20005000000000000000005 /* TabContainerView.swift */,
				C20006000000000000000006 /* MarketplaceView.swift */,
				C20007000000000000000007 /* BikeDetailView.swift */,
				C20008000000000000000008 /* BikeCardRow.swift */,
				C20009000000000000000009 /* BikeFilterBar.swift */,
				C2000A00000000000000000A /* CommunityFeedView.swift */,
				C2000B00000000000000000B /* PostDetailView.swift */,
				C2000C00000000000000000C /* PostCardRow.swift */,
				C2000D00000000000000000D /* MoreView.swift */,
				C2000E00000000000000000E /* WordPressService.swift */,
				F10001000000000000000001 /* GPXService.swift */,
				F10002000000000000000002 /* GPXImportView.swift */,
				F10003000000000000000003 /* LocationService.swift */,
				F10004000000000000000004 /* RouteNavigationView.swift */,
				F10005000000000000000005 /* RouteShareCardView.swift */,
				F10006000000000000000006 /* RouteExplorerView.swift */,
				G10001000000000000000001 /* AltimeterService.swift */,
				G10002000000000000000002 /* RideSession.swift */,
				G10003000000000000000003 /* RideDashboardView.swift */,
				G10004000000000000000004 /* ConnectivityService.swift */,
				G10005000000000000000005 /* OfflineMapService.swift */,
				G10006000000000000000006 /* CellCoverageView.swift */,
				G10007000000000000000007 /* OfflineBannerView.swift */,
				G10008000000000000000008 /* cell_towers.json */,
				H10001000000000000000001 /* WeatherService.swift */,
				H10002000000000000000002 /* RouteWeatherView.swift */,
				H10003000000000000000003 /* NavigationAudioService.swift */,
				H10004000000000000000004 /* WorkoutService.swift */,
				H10005000000000000000005 /* RideActivityAttributes.swift */,
				H10006000000000000000006 /* RideActivityManager.swift */,
				J10001000000000000000001 /* OnboardingView.swift */,
				J10002000000000000000002 /* PermissionService.swift */,
				J10003000000000000000003 /* StoneBC.entitlements */,
				D30000000000000000000001 /* Radio */,
				E20001000000000000000001 /* Assets.xcassets */,
				C20010000000000000000010 /* bikes.json */,
				C20011000000000000000011 /* posts.json */,
				C20012000000000000000012 /* config.json */,
			);
			path = StoneBC;
			sourceTree = "<group>";
		};
		A50003000000000000000003 /* Products */ = {
			isa = PBXGroup;
			children = (
				A30000000000000000000001 /* StoneBC.app */,
			);
			name = Products;
			sourceTree = "<group>";
		};
		D30000000000000000000001 /* Radio */ = {
			isa = PBXGroup;
			children = (
				D20001000000000000000001 /* RadioConfig.swift */,
				D20002000000000000000002 /* RadioPeer.swift */,
				D20003000000000000000003 /* RadioChannel.swift */,
				D20004000000000000000004 /* RadioState.swift */,
				D20005000000000000000005 /* RadioService.swift */,
				D20006000000000000000006 /* AudioStreamService.swift */,
				D20007000000000000000007 /* RadioViewModel.swift */,
				D20008000000000000000008 /* RadioView.swift */,
				D20009000000000000000009 /* PTTButton.swift */,
				D2000A00000000000000000A /* RadioOverlayView.swift */,
				D2000B00000000000000000B /* AppState+Radio.swift */,
			);
			path = Radio;
			sourceTree = "<group>";
		};
/* End PBXGroup section */

/* Begin PBXNativeTarget section */
		A60000000000000000000001 /* StoneBC */ = {
			isa = PBXNativeTarget;
			buildConfigurationList = A80002000000000000000002 /* Build configuration list for PBXNativeTarget "StoneBC" */;
			buildPhases = (
				A70001000000000000000001 /* Sources */,
				A40000000000000000000001 /* Frameworks */,
				A70002000000000000000002 /* Resources */,
			);
			buildRules = (
			);
			dependencies = (
			);
			name = StoneBC;
			productName = StoneBC;
			productReference = A30000000000000000000001 /* StoneBC.app */;
			productType = "com.apple.product-type.application";
		};
/* End PBXNativeTarget section */

/* Begin PBXProject section */
		A90000000000000000000001 /* Project object */ = {
			isa = PBXProject;
			attributes = {
				BuildIndependentTargetsInParallel = 1;
				LastSwiftUpdateCheck = 1600;
				LastUpgradeCheck = 1600;
				TargetAttributes = {
					A60000000000000000000001 = {
						CreatedOnToolsVersion = 16.0;
					};
				};
			};
			buildConfigurationList = A80001000000000000000001 /* Build configuration list for PBXProject "app" */;
			compatibilityVersion = "Xcode 14.0";
			developmentRegion = en;
			hasScannedForEncodings = 0;
			knownRegions = (
				en,
				Base,
			);
			mainGroup = A50000000000000000000001;
			productRefGroup = A50003000000000000000003 /* Products */;
			projectDirPath = "";
			projectRoot = "";
			targets = (
				A60000000000000000000001 /* StoneBC */,
			);
		};
/* End PBXProject section */

/* Begin PBXResourcesBuildPhase section */
		A70002000000000000000002 /* Resources */ = {
			isa = PBXResourcesBuildPhase;
			buildActionMask = 2147483647;
			files = (
				A10010000000000000000010 /* routes.json in Resources */,
				A10011000000000000000011 /* events.json in Resources */,
				A10012000000000000000012 /* programs.json in Resources */,
				A10013000000000000000013 /* toolkit.json in Resources */,
				A10014000000000000000014 /* photos.json in Resources */,
				A10015000000000000000015 /* Thumbnails in Resources */,
				A10016000000000000000016 /* Toolkit in Resources */,
				C10010000000000000000010 /* bikes.json in Resources */,
				C10011000000000000000011 /* posts.json in Resources */,
				C10012000000000000000012 /* config.json in Resources */,
				E10001000000000000000001 /* Assets.xcassets in Resources */,
				G00008000000000000000008 /* cell_towers.json in Resources */,
			);
			runOnlyForDeploymentPostprocessing = 0;
		};
/* End PBXResourcesBuildPhase section */

/* Begin PBXSourcesBuildPhase section */
		A70001000000000000000001 /* Sources */ = {
			isa = PBXSourcesBuildPhase;
			buildActionMask = 2147483647;
			files = (
				A10001000000000000000001 /* StoneBCApp.swift in Sources */,
				A10002000000000000000002 /* ContentView.swift in Sources */,
				A10003000000000000000003 /* HomeView.swift in Sources */,
				A10004000000000000000004 /* RoutesView.swift in Sources */,
				A10005000000000000000005 /* RouteDetailView.swift in Sources */,
				A10006000000000000000006 /* RouteMapView.swift in Sources */,
				A10007000000000000000007 /* CommunityView.swift in Sources */,
				A10008000000000000000008 /* GalleryView.swift in Sources */,
				A10009000000000000000009 /* ContactView.swift in Sources */,
				A1000A00000000000000000A /* Route.swift in Sources */,
				A1000B00000000000000000B /* Event.swift in Sources */,
				A1000C00000000000000000C /* Program.swift in Sources */,
				A1000D00000000000000000D /* ToolkitArticle.swift in Sources */,
				A1000E00000000000000000E /* BCPhoto.swift in Sources */,
				A1000F00000000000000000F /* BCDesignSystem.swift in Sources */,
				C10001000000000000000001 /* Bike.swift in Sources */,
				C10002000000000000000002 /* Post.swift in Sources */,
				C10003000000000000000003 /* AppConfig.swift in Sources */,
				C10004000000000000000004 /* AppState.swift in Sources */,
				C10005000000000000000005 /* TabContainerView.swift in Sources */,
				C10006000000000000000006 /* MarketplaceView.swift in Sources */,
				C10007000000000000000007 /* BikeDetailView.swift in Sources */,
				C10008000000000000000008 /* BikeCardRow.swift in Sources */,
				C10009000000000000000009 /* BikeFilterBar.swift in Sources */,
				C1000A00000000000000000A /* CommunityFeedView.swift in Sources */,
				C1000B00000000000000000B /* PostDetailView.swift in Sources */,
				C1000C00000000000000000C /* PostCardRow.swift in Sources */,
				C1000D00000000000000000D /* MoreView.swift in Sources */,
				C1000E00000000000000000E /* WordPressService.swift in Sources */,
				D10001000000000000000001 /* RadioConfig.swift in Sources */,
				D10002000000000000000002 /* RadioPeer.swift in Sources */,
				D10003000000000000000003 /* RadioChannel.swift in Sources */,
				D10004000000000000000004 /* RadioState.swift in Sources */,
				D10005000000000000000005 /* RadioService.swift in Sources */,
				D10006000000000000000006 /* AudioStreamService.swift in Sources */,
				D10007000000000000000007 /* RadioViewModel.swift in Sources */,
				D10008000000000000000008 /* RadioView.swift in Sources */,
				D10009000000000000000009 /* PTTButton.swift in Sources */,
				D1000A00000000000000000A /* RadioOverlayView.swift in Sources */,
				D1000B00000000000000000B /* AppState+Radio.swift in Sources */,
				F00001000000000000000001 /* GPXService.swift in Sources */,
				F00002000000000000000002 /* GPXImportView.swift in Sources */,
				F00003000000000000000003 /* LocationService.swift in Sources */,
				F00004000000000000000004 /* RouteNavigationView.swift in Sources */,
				F00005000000000000000005 /* RouteShareCardView.swift in Sources */,
				F00006000000000000000006 /* RouteExplorerView.swift in Sources */,
				G00001000000000000000001 /* AltimeterService.swift in Sources */,
				G00002000000000000000002 /* RideSession.swift in Sources */,
				G00003000000000000000003 /* RideDashboardView.swift in Sources */,
				G00004000000000000000004 /* ConnectivityService.swift in Sources */,
				G00005000000000000000005 /* OfflineMapService.swift in Sources */,
				G00006000000000000000006 /* CellCoverageView.swift in Sources */,
				G00007000000000000000007 /* OfflineBannerView.swift in Sources */,
				H00001000000000000000001 /* WeatherService.swift in Sources */,
				H00002000000000000000002 /* RouteWeatherView.swift in Sources */,
				H00003000000000000000003 /* NavigationAudioService.swift in Sources */,
				H00004000000000000000004 /* WorkoutService.swift in Sources */,
				H00005000000000000000005 /* RideActivityAttributes.swift in Sources */,
				H00006000000000000000006 /* RideActivityManager.swift in Sources */,
				J00001000000000000000001 /* OnboardingView.swift in Sources */,
				J00002000000000000000002 /* PermissionService.swift in Sources */,
			);
			runOnlyForDeploymentPostprocessing = 0;
		};
/* End PBXSourcesBuildPhase section */

/* Begin XCBuildConfiguration section */
		B10001000000000000000001 /* Debug */ = {
			isa = XCBuildConfiguration;
			buildSettings = {
				ALWAYS_SEARCH_USER_PATHS = NO;
				ASSETCATALOG_COMPILER_GENERATE_SWIFT_ASSET_SYMBOL_EXTENSIONS = YES;
				CLANG_ANALYZER_NONNULL = YES;
				CLANG_ANALYZER_NUMBER_OBJECT_CONVERSION = YES_AGGRESSIVE;
				CLANG_CXX_LANGUAGE_STANDARD = "gnu++20";
				CLANG_ENABLE_MODULES = YES;
				CLANG_ENABLE_OBJC_ARC = YES;
				CLANG_ENABLE_OBJC_WEAK = YES;
				CLANG_WARN_BLOCK_CAPTURE_AUTORELEASING = YES;
				CLANG_WARN_BOOL_CONVERSION = YES;
				CLANG_WARN_COMMA = YES;
				CLANG_WARN_CONSTANT_CONVERSION = YES;
				CLANG_WARN_DEPRECATED_OBJC_IMPLEMENTATIONS = YES;
				CLANG_WARN_DIRECT_OBJC_ISA_USAGE = YES_ERROR;
				CLANG_WARN_DOCUMENTATION_COMMENTS = YES;
				CLANG_WARN_EMPTY_BODY = YES;
				CLANG_WARN_ENUM_CONVERSION = YES;
				CLANG_WARN_INFINITE_RECURSION = YES;
				CLANG_WARN_INT_CONVERSION = YES;
				CLANG_WARN_NON_LITERAL_NULL_CONVERSION = YES;
				CLANG_WARN_OBJC_IMPLICIT_RETAIN_SELF = YES;
				CLANG_WARN_OBJC_LITERAL_CONVERSION = YES;
				CLANG_WARN_OBJC_ROOT_CLASS = YES_ERROR;
				CLANG_WARN_QUOTED_INCLUDE_IN_FRAMEWORK_HEADER = YES;
				CLANG_WARN_RANGE_LOOP_ANALYSIS = YES;
				CLANG_WARN_STRICT_PROTOTYPES = YES;
				CLANG_WARN_SUSPICIOUS_MOVE = YES;
				CLANG_WARN_UNGUARDED_AVAILABILITY = YES_AGGRESSIVE;
				CLANG_WARN_UNREACHABLE_CODE = YES;
				CLANG_WARN__DUPLICATE_METHOD_MATCH = YES;
				COPY_PHASE_STRIP = NO;
				DEBUG_INFORMATION_FORMAT = dwarf;
				ENABLE_STRICT_OBJC_MSGSEND = YES;
				ENABLE_TESTABILITY = YES;
				ENABLE_USER_SCRIPT_SANDBOXING = YES;
				GCC_C_LANGUAGE_STANDARD = gnu17;
				GCC_DYNAMIC_NO_PIC = NO;
				GCC_NO_COMMON_BLOCKS = YES;
				GCC_OPTIMIZATION_LEVEL = 0;
				GCC_PREPROCESSOR_DEFINITIONS = (
					"DEBUG=1",
					"$(inherited)",
				);
				GCC_WARN_64_TO_32_BIT_CONVERSION = YES;
				GCC_WARN_ABOUT_RETURN_TYPE = YES_ERROR;
				GCC_WARN_UNDECLARED_SELECTOR = YES;
				GCC_WARN_UNINITIALIZED_AUTOS = YES_AGGRESSIVE;
				GCC_WARN_UNUSED_FUNCTION = YES;
				GCC_WARN_UNUSED_VARIABLE = YES;
				IPHONEOS_DEPLOYMENT_TARGET = 17.0;
				LOCALIZATION_PREFERS_STRING_CATALOGS = YES;
				MTL_ENABLE_DEBUG_INFO = INCLUDE_SOURCE;
				MTL_FAST_MATH = YES;
				ONLY_ACTIVE_ARCH = YES;
				SDKROOT = iphoneos;
				SWIFT_ACTIVE_COMPILATION_CONDITIONS = "DEBUG $(inherited)";
				SWIFT_OPTIMIZATION_LEVEL = "-Onone";
			};
			name = Debug;
		};
		B10002000000000000000002 /* Release */ = {
			isa = XCBuildConfiguration;
			buildSettings = {
				ALWAYS_SEARCH_USER_PATHS = NO;
				ASSETCATALOG_COMPILER_GENERATE_SWIFT_ASSET_SYMBOL_EXTENSIONS = YES;
				CLANG_ANALYZER_NONNULL = YES;
				CLANG_ANALYZER_NUMBER_OBJECT_CONVERSION = YES_AGGRESSIVE;
				CLANG_CXX_LANGUAGE_STANDARD = "gnu++20";
				CLANG_ENABLE_MODULES = YES;
				CLANG_ENABLE_OBJC_ARC = YES;
				CLANG_ENABLE_OBJC_WEAK = YES;
				CLANG_WARN_BLOCK_CAPTURE_AUTORELEASING = YES;
				CLANG_WARN_BOOL_CONVERSION = YES;
				CLANG_WARN_COMMA = YES;
				CLANG_WARN_CONSTANT_CONVERSION = YES;
				CLANG_WARN_DEPRECATED_OBJC_IMPLEMENTATIONS = YES;
				CLANG_WARN_DIRECT_OBJC_ISA_USAGE = YES_ERROR;
				CLANG_WARN_DOCUMENTATION_COMMENTS = YES;
				CLANG_WARN_EMPTY_BODY = YES;
				CLANG_WARN_ENUM_CONVERSION = YES;
				CLANG_WARN_INFINITE_RECURSION = YES;
				CLANG_WARN_INT_CONVERSION = YES;
				CLANG_WARN_NON_LITERAL_NULL_CONVERSION = YES;
				CLANG_WARN_OBJC_IMPLICIT_RETAIN_SELF = YES;
				CLANG_WARN_OBJC_LITERAL_CONVERSION = YES;
				CLANG_WARN_OBJC_ROOT_CLASS = YES_ERROR;
				CLANG_WARN_QUOTED_INCLUDE_IN_FRAMEWORK_HEADER = YES;
				CLANG_WARN_RANGE_LOOP_ANALYSIS = YES;
				CLANG_WARN_STRICT_PROTOTYPES = YES;
				CLANG_WARN_SUSPICIOUS_MOVE = YES;
				CLANG_WARN_UNGUARDED_AVAILABILITY = YES_AGGRESSIVE;
				CLANG_WARN_UNREACHABLE_CODE = YES;
				CLANG_WARN__DUPLICATE_METHOD_MATCH = YES;
				COPY_PHASE_STRIP = NO;
				DEBUG_INFORMATION_FORMAT = "dwarf-with-dsym";
				ENABLE_NS_ASSERTIONS = NO;
				ENABLE_STRICT_OBJC_MSGSEND = YES;
				ENABLE_USER_SCRIPT_SANDBOXING = YES;
				GCC_C_LANGUAGE_STANDARD = gnu17;
				GCC_NO_COMMON_BLOCKS = YES;
				GCC_WARN_64_TO_32_BIT_CONVERSION = YES;
				GCC_WARN_ABOUT_RETURN_TYPE = YES_ERROR;
				GCC_WARN_UNDECLARED_SELECTOR = YES;
				GCC_WARN_UNINITIALIZED_AUTOS = YES_AGGRESSIVE;
				GCC_WARN_UNUSED_FUNCTION = YES;
				GCC_WARN_UNUSED_VARIABLE = YES;
				IPHONEOS_DEPLOYMENT_TARGET = 17.0;
				LOCALIZATION_PREFERS_STRING_CATALOGS = YES;
				MTL_ENABLE_DEBUG_INFO = NO;
				MTL_FAST_MATH = YES;
				SDKROOT = iphoneos;
				SWIFT_COMPILATION_MODE = wholemodule;
				VALIDATE_PRODUCT = YES;
			};
			name = Release;
		};
		B10003000000000000000003 /* Debug */ = {
			isa = XCBuildConfiguration;
			buildSettings = {
				ASSETCATALOG_COMPILER_APPICON_NAME = AppIcon;
				ASSETCATALOG_COMPILER_GLOBAL_ACCENT_COLOR_NAME = AccentColor;
				CODE_SIGN_ENTITLEMENTS = StoneBC/StoneBC.entitlements;
				CODE_SIGN_STYLE = Automatic;
				CURRENT_PROJECT_VERSION = 1;
				DEVELOPMENT_TEAM = SP854VZ979;
				ENABLE_PREVIEWS = YES;
				GENERATE_INFOPLIST_FILE = YES;
					INFOPLIST_FILE = StoneBC/Info.plist;
				INFOPLIST_KEY_NSHealthShareUsageDescription = "StoneBC reads your cycling workouts to show ride history.";
				INFOPLIST_KEY_NSHealthUpdateUsageDescription = "StoneBC saves your rides as cycling workouts in Apple Health.";
				INFOPLIST_KEY_NSLocalNetworkUsageDescription = "Rally Radio discovers nearby riders on your local network.";
				INFOPLIST_KEY_NSLocationWhenInUseUsageDescription = "StoneBC uses your location to track your position on cycling routes.";
				INFOPLIST_KEY_NSMicrophoneUsageDescription = "Rally Radio uses your microphone for group voice chat during rides.";
				INFOPLIST_KEY_NSSupportsLiveActivities = YES;
				INFOPLIST_KEY_UIApplicationSceneManifest_Generation = YES;
				INFOPLIST_KEY_UIApplicationSupportsIndirectInputEvents = YES;
				INFOPLIST_KEY_UILaunchScreen_Generation = YES;
				INFOPLIST_KEY_UISupportedInterfaceOrientations_iPad = "UIInterfaceOrientationPortrait UIInterfaceOrientationPortraitUpsideDown UIInterfaceOrientationLandscapeLeft UIInterfaceOrientationLandscapeRight";
				INFOPLIST_KEY_UISupportedInterfaceOrientations_iPhone = "UIInterfaceOrientationPortrait UIInterfaceOrientationLandscapeLeft UIInterfaceOrientationLandscapeRight";
				LD_RUNPATH_SEARCH_PATHS = (
					"$(inherited)",
					"@executable_path/Frameworks",
				);
				MARKETING_VERSION = 0.6;
				PRODUCT_BUNDLE_IDENTIFIER = com.traddiff.StoneBC;
				PRODUCT_NAME = "$(TARGET_NAME)";
				SUPPORTED_PLATFORMS = "iphoneos iphonesimulator";
				SUPPORTS_MACCATALYST = NO;
				SWIFT_EMIT_LOC_STRINGS = YES;
				SWIFT_VERSION = 5.0;
				TARGETED_DEVICE_FAMILY = "1,2";
			};
			name = Debug;
		};
		B10004000000000000000004 /* Release */ = {
			isa = XCBuildConfiguration;
			buildSettings = {
				ASSETCATALOG_COMPILER_APPICON_NAME = AppIcon;
				ASSETCATALOG_COMPILER_GLOBAL_ACCENT_COLOR_NAME = AccentColor;
				CODE_SIGN_ENTITLEMENTS = StoneBC/StoneBC.entitlements;
				CODE_SIGN_STYLE = Automatic;
				CURRENT_PROJECT_VERSION = 1;
				DEVELOPMENT_TEAM = SP854VZ979;
				ENABLE_PREVIEWS = YES;
				GENERATE_INFOPLIST_FILE = YES;
					INFOPLIST_FILE = StoneBC/Info.plist;
				INFOPLIST_KEY_NSHealthShareUsageDescription = "StoneBC reads your cycling workouts to show ride history.";
				INFOPLIST_KEY_NSHealthUpdateUsageDescription = "StoneBC saves your rides as cycling workouts in Apple Health.";
				INFOPLIST_KEY_NSLocalNetworkUsageDescription = "Rally Radio discovers nearby riders on your local network.";
				INFOPLIST_KEY_NSLocationWhenInUseUsageDescription = "StoneBC uses your location to track your position on cycling routes.";
				INFOPLIST_KEY_NSMicrophoneUsageDescription = "Rally Radio uses your microphone for group voice chat during rides.";
				INFOPLIST_KEY_NSSupportsLiveActivities = YES;
				INFOPLIST_KEY_UIApplicationSceneManifest_Generation = YES;
				INFOPLIST_KEY_UIApplicationSupportsIndirectInputEvents = YES;
				INFOPLIST_KEY_UILaunchScreen_Generation = YES;
				INFOPLIST_KEY_UISupportedInterfaceOrientations_iPad = "UIInterfaceOrientationPortrait UIInterfaceOrientationPortraitUpsideDown UIInterfaceOrientationLandscapeLeft UIInterfaceOrientationLandscapeRight";
				INFOPLIST_KEY_UISupportedInterfaceOrientations_iPhone = "UIInterfaceOrientationPortrait UIInterfaceOrientationLandscapeLeft UIInterfaceOrientationLandscapeRight";
				LD_RUNPATH_SEARCH_PATHS = (
					"$(inherited)",
					"@executable_path/Frameworks",
				);
				MARKETING_VERSION = 0.6;
				PRODUCT_BUNDLE_IDENTIFIER = com.traddiff.StoneBC;
				PRODUCT_NAME = "$(TARGET_NAME)";
				SUPPORTED_PLATFORMS = "iphoneos iphonesimulator";
				SUPPORTS_MACCATALYST = NO;
				SWIFT_EMIT_LOC_STRINGS = YES;
				SWIFT_VERSION = 5.0;
				TARGETED_DEVICE_FAMILY = "1,2";
			};
			name = Release;
		};
/* End XCBuildConfiguration section */

/* Begin XCConfigurationList section */
		A80001000000000000000001 /* Build configuration list for PBXProject "app" */ = {
			isa = XCConfigurationList;
			buildConfigurations = (
				B10001000000000000000001 /* Debug */,
				B10002000000000000000002 /* Release */,
			);
			defaultConfigurationIsVisible = 0;
			defaultConfigurationName = Release;
		};
		A80002000000000000000002 /* Build configuration list for PBXNativeTarget "StoneBC" */ = {
			isa = XCConfigurationList;
			buildConfigurations = (
				B10003000000000000000003 /* Debug */,
				B10004000000000000000004 /* Release */,
			);
			defaultConfigurationIsVisible = 0;
			defaultConfigurationName = Release;
		};
/* End XCConfigurationList section */
	};
	rootObject = A90000000000000000000001 /* Project object */;
}
